Microsoft Visual Studio Solution File, Format Version 12.00
# Visual Studio Version 17
VisualStudioVersion = 17.5.2.0
MinimumVisualStudioVersion = 10.0.40219.1
Project("{2150E333-8FDC-42A3-9474-1A3956D46DE8}") = "Day-01", "Day-01", "{C1835AA3-B0F3-38B0-89EA-D3E83E7604EF}"
EndProject
Project("{FAE04EC0-301F-11D3-BF4B-00C04F79EFBC}") = "MyApp", "Day-01\MyApp\MyApp.csproj", "{DE41B819-EC53-30F9-B1C7-1E9F969D6AAF}"
EndProject
Global
	GlobalSection(SolutionConfigurationPlatforms) = preSolution
		Debug|Any CPU = Debug|Any CPU
		Release|Any CPU = Release|Any CPU
	EndGlobalSection
	GlobalSection(ProjectConfigurationPlatforms) = postSolution
		{DE41B819-EC53-30F9-B1C7-1E9F969D6AAF}.Debug|Any CPU.ActiveCfg = Debug|Any CPU
		{DE41B819-EC53-30F9-B1C7-1E9F969D6AAF}.Debug|Any CPU.Build.0 = Debug|Any CPU
		{DE41B819-EC53-30F9-B1C7-1E9F969D6AAF}.Release|Any CPU.ActiveCfg = Release|Any CPU
		{DE41B819-EC53-30F9-B1C7-1E9F969D6AAF}.Release|Any CPU.Build.0 = Release|Any CPU
	EndGlobalSection
	GlobalSection(SolutionProperties) = preSolution
		HideSolutionNode = FALSE
	EndGlobalSection
	GlobalSection(NestedProjects) = preSolution
		{DE41B819-EC53-30F9-B1C7-1E9F969D6AAF} = {C1835AA3-B0F3-38B0-89EA-D3E83E7604EF}
	EndGlobalSection
	GlobalSection(ExtensibilityGlobals) = postSolution
		SolutionGuid = {FA8B4C74-0BE8-4710-B53C-40983611FF44}
	EndGlobalSection
EndGlobal
